// !$*UTF8*$!
{
	archiveVersion = 1;
	classes = {
	};
	objectVersion = 56;
	objects = {

/* Begin PBXBuildFile section */
		A08BE9DF2ACB6ACD00C12EF4 /* OfertaTableViewCell.swift in Sources */ = {isa = PBXBuildFile; fileRef = A08BE9DD2ACB6ACD00C12EF4 /* OfertaTableViewCell.swift */; };
		A08BE9E02ACB6ACD00C12EF4 /* OfertaTableViewCell.xib in Resources */ = {isa = PBXBuildFile; fileRef = A08BE9DE2ACB6ACD00C12EF4 /* OfertaTableViewCell.xib */; };
		A08BE9E22ACB6E9A00C12EF4 /* ViagemOfertaViewModel.swift in Sources */ = {isa = PBXBuildFile; fileRef = A08BE9E12ACB6E9A00C12EF4 /* ViagemOfertaViewModel.swift */; };
		A08BE9EC2ACB70D400C12EF4 /* Viagem.swift in Sources */ = {isa = PBXBuildFile; fileRef = A08BE9EB2ACB70D400C12EF4 /* Viagem.swift */; };
		A08BE9ED2ACB70D400C12EF4 /* TiposDeViagens.swift in Sources */ = {isa = PBXBuildFile; fileRef = A08BE9EA2ACB70D400C12EF4 /* TiposDeViagens.swift */; };
		A08BE9EE2ACB70D400C12EF4 /* DecodableData.swift in Sources */ = {isa = PBXBuildFile; fileRef = A08BE9E92ACB70D400C12EF4 /* DecodableData.swift */; };
		A0B721322AC22A3B000E4D70 /* AppDelegate.swift in Sources */ = {isa = PBXBuildFile; fileRef = A0B721312AC22A3B000E4D70 /* AppDelegate.swift */; };
		A0B721342AC22A3B000E4D70 /* SceneDelegate.swift in Sources */ = {isa = PBXBuildFile; fileRef = A0B721332AC22A3B000E4D70 /* SceneDelegate.swift */; };
		A0B721362AC22A3B000E4D70 /* ViewController.swift in Sources */ = {isa = PBXBuildFile; fileRef = A0B721352AC22A3B000E4D70 /* ViewController.swift */; };
		A0B721392AC22A3B000E4D70 /* Main.storyboard in Resources */ = {isa = PBXBuildFile; fileRef = A0B721372AC22A3B000E4D70 /* Main.storyboard */; };
		A0B7213B2AC22A3C000E4D70 /* Assets.xcassets in Resources */ = {isa = PBXBuildFile; fileRef = A0B7213A2AC22A3C000E4D70 /* Assets.xcassets */; };
		A0B7213E2AC22A3C000E4D70 /* LaunchScreen.storyboard in Resources */ = {isa = PBXBuildFile; fileRef = A0B7213C2AC22A3C000E4D70 /* LaunchScreen.storyboard */; };
		A0B721462AC231B0000E4D70 /* HomeTableViewHeader.xib in Resources */ = {isa = PBXBuildFile; fileRef = A0B721452AC231B0000E4D70 /* HomeTableViewHeader.xib */; };
		A0B721482AC23543000E4D70 /* HomeTableViewHeader.swift in Sources */ = {isa = PBXBuildFile; fileRef = A0B721472AC23543000E4D70 /* HomeTableViewHeader.swift */; };
		A0F9EB922AC641B1006BE569 /* ViagemTableViewCell.swift in Sources */ = {isa = PBXBuildFile; fileRef = A0F9EB902AC641B1006BE569 /* ViagemTableViewCell.swift */; };
		A0F9EB932AC641B1006BE569 /* ViagemTableViewCell.xib in Resources */ = {isa = PBXBuildFile; fileRef = A0F9EB912AC641B1006BE569 /* ViagemTableViewCell.xib */; };
		A0F9EB962AC64A21006BE569 /* server-response.json in Resources */ = {isa = PBXBuildFile; fileRef = A0F9EB952AC64A21006BE569 /* server-response.json */; };
		A0F9EB9F2AC64A8F006BE569 /* UIView+Extension.swift in Sources */ = {isa = PBXBuildFile; fileRef = A0F9EB9E2AC64A8F006BE569 /* UIView+Extension.swift */; };
		A0F9EBA12AC64B24006BE569 /* ViagemViewModel.swift in Sources */ = {isa = PBXBuildFile; fileRef = A0F9EBA02AC64B24006BE569 /* ViagemViewModel.swift */; };
		A0F9EBA32AC64BF1006BE569 /* ViagemDestaqueViewModel.swift in Sources */ = {isa = PBXBuildFile; fileRef = A0F9EBA22AC64BF1006BE569 /* ViagemDestaqueViewModel.swift */; };
/* End PBXBuildFile section */

/* Begin PBXFileReference section */
		A08BE9DD2ACB6ACD00C12EF4 /* OfertaTableViewCell.swift */ = {isa = PBXFileReference; lastKnownFileType = sourcecode.swift; path = OfertaTableViewCell.swift; sourceTree = "<group>"; };
		A08BE9DE2ACB6ACD00C12EF4 /* OfertaTableViewCell.xib */ = {isa = PBXFileReference; lastKnownFileType = file.xib; path = OfertaTableViewCell.xib; sourceTree = "<group>"; };
		A08BE9E12ACB6E9A00C12EF4 /* ViagemOfertaViewModel.swift */ = {isa = PBXFileReference; lastKnownFileType = sourcecode.swift; path = ViagemOfertaViewModel.swift; sourceTree = "<group>"; };
		A08BE9E92ACB70D400C12EF4 /* DecodableData.swift */ = {isa = PBXFileReference; lastKnownFileType = sourcecode.swift; path = DecodableData.swift; sourceTree = "<group>"; };
		A08BE9EA2ACB70D400C12EF4 /* TiposDeViagens.swift */ = {isa = PBXFileReference; lastKnownFileType = sourcecode.swift; path = TiposDeViagens.swift; sourceTree = "<group>"; };
		A08BE9EB2ACB70D400C12EF4 /* Viagem.swift */ = {isa = PBXFileReference; lastKnownFileType = sourcecode.swift; path = Viagem.swift; sourceTree = "<group>"; };
		A0B7212E2AC22A3B000E4D70 /* AluraViagens.app */ = {isa = PBXFileReference; explicitFileType = wrapper.application; includeInIndex = 0; path = AluraViagens.app; sourceTree = BUILT_PRODUCTS_DIR; };
		A0B721312AC22A3B000E4D70 /* AppDelegate.swift */ = {isa = PBXFileReference; lastKnownFileType = sourcecode.swift; path = AppDelegate.swift; sourceTree = "<group>"; };
		A0B721332AC22A3B000E4D70 /* SceneDelegate.swift */ = {isa = PBXFileReference; lastKnownFileType = sourcecode.swift; path = SceneDelegate.swift; sourceTree = "<group>"; };
		A0B721352AC22A3B000E4D70 /* ViewController.swift */ = {isa = PBXFileReference; lastKnownFileType = sourcecode.swift; path = ViewController.swift; sourceTree = "<group>"; };
		A0B721382AC22A3B000E4D70 /* Base */ = {isa = PBXFileReference; lastKnownFileType = file.storyboard; name = Base; path = Base.lproj/Main.storyboard; sourceTree = "<group>"; };
		A0B7213A2AC22A3C000E4D70 /* Assets.xcassets */ = {isa = PBXFileReference; lastKnownFileType = folder.assetcatalog; path = Assets.xcassets; sourceTree = "<group>"; };
		A0B7213D2AC22A3C000E4D70 /* Base */ = {isa = PBXFileReference; lastKnownFileType = file.storyboard; name = Base; path = Base.lproj/LaunchScreen.storyboard; sourceTree = "<group>"; };
		A0B7213F2AC22A3C000E4D70 /* Info.plist */ = {isa = PBXFileReference; lastKnownFileType = text.plist.xml; path = Info.plist; sourceTree = "<group>"; };
		A0B721452AC231B0000E4D70 /* HomeTableViewHeader.xib */ = {isa = PBXFileReference; lastKnownFileType = file.xib; path = HomeTableViewHeader.xib; sourceTree = "<group>"; };
		A0B721472AC23543000E4D70 /* HomeTableViewHeader.swift */ = {isa = PBXFileReference; lastKnownFileType = sourcecode.swift; path = HomeTableViewHeader.swift; sourceTree = "<group>"; };
		A0F9EB902AC641B1006BE569 /* ViagemTableViewCell.swift */ = {isa = PBXFileReference; lastKnownFileType = sourcecode.swift; path = ViagemTableViewCell.swift; sourceTree = "<group>"; };
		A0F9EB912AC641B1006BE569 /* ViagemTableViewCell.xib */ = {isa = PBXFileReference; lastKnownFileType = file.xib; path = ViagemTableViewCell.xib; sourceTree = "<group>"; };
		A0F9EB952AC64A21006BE569 /* server-response.json */ = {isa = PBXFileReference; fileEncoding = 4; lastKnownFileType = text.json; name = "server-response.json"; path = "../../../../../../../../../Downloads/Arquivos Swift/arquivos/server-response.json"; sourceTree = "<group>"; };
		A0F9EB9E2AC64A8F006BE569 /* UIView+Extension.swift */ = {isa = PBXFileReference; fileEncoding = 4; lastKnownFileType = sourcecode.swift; name = "UIView+Extension.swift"; path = "../../../../../../../../../Downloads/Arquivos Swift/arquivos/UIView+Extension.swift"; sourceTree = "<group>"; };
		A0F9EBA02AC64B24006BE569 /* ViagemViewModel.swift */ = {isa = PBXFileReference; lastKnownFileType = sourcecode.swift; path = ViagemViewModel.swift; sourceTree = "<group>"; };
		A0F9EBA22AC64BF1006BE569 /* ViagemDestaqueViewModel.swift */ = {isa = PBXFileReference; lastKnownFileType = sourcecode.swift; path = ViagemDestaqueViewModel.swift; sourceTree = "<group>"; };
/* End PBXFileReference section */

/* Begin PBXFrameworksBuildPhase section */
		A0B7212B2AC22A3B000E4D70 /* Frameworks */ = {
			isa = PBXFrameworksBuildPhase;
			buildActionMask = 2147483647;
			files = (
			);
			runOnlyForDeploymentPostprocessing = 0;
		};
/* End PBXFrameworksBuildPhase section */

/* Begin PBXGroup section */
		A08BE9D92ACB6A6800C12EF4 /* Destaque */ = {
			isa = PBXGroup;
			children = (
				A0F9EB902AC641B1006BE569 /* ViagemTableViewCell.swift */,
				A0F9EB912AC641B1006BE569 /* ViagemTableViewCell.xib */,
			);
			path = Destaque;
			sourceTree = "<group>";
		};
		A08BE9DA2ACB6A7E00C12EF4 /* Oferta */ = {
			isa = PBXGroup;
			children = (
				A08BE9DD2ACB6ACD00C12EF4 /* OfertaTableViewCell.swift */,
				A08BE9DE2ACB6ACD00C12EF4 /* OfertaTableViewCell.xib */,
			);
			path = Oferta;
			sourceTree = "<group>";
		};
		A0B721252AC22A3B000E4D70 = {
			isa = PBXGroup;
			children = (
				A0B721302AC22A3B000E4D70 /* AluraViagens */,
				A0B7212F2AC22A3B000E4D70 /* Products */,
			);
			sourceTree = "<group>";
		};
		A0B7212F2AC22A3B000E4D70 /* Products */ = {
			isa = PBXGroup;
			children = (
				A0B7212E2AC22A3B000E4D70 /* AluraViagens.app */,
			);
			name = Products;
			sourceTree = "<group>";
		};
		A0B721302AC22A3B000E4D70 /* AluraViagens */ = {
			isa = PBXGroup;
			children = (
				A0F9EB9D2AC64A7C006BE569 /* Extensions */,
				A0F9EB942AC64974006BE569 /* Mock */,
				A0FE6AC62AC4E84F0075BE48 /* ViewModel */,
				A0FE6AC42AC4E7E40075BE48 /* View */,
				A0FE6AC32AC4E7D10075BE48 /* Model */,
				A0FE6AC22AC4E7B10075BE48 /* AppDelegate */,
				A0B7213A2AC22A3C000E4D70 /* Assets.xcassets */,
				A0B7213C2AC22A3C000E4D70 /* LaunchScreen.storyboard */,
				A0B7213F2AC22A3C000E4D70 /* Info.plist */,
			);
			path = AluraViagens;
			sourceTree = "<group>";
		};
		A0F9EB8F2AC6416D006BE569 /* Cells */ = {
			isa = PBXGroup;
			children = (
				A08BE9DA2ACB6A7E00C12EF4 /* Oferta */,
				A08BE9D92ACB6A6800C12EF4 /* Destaque */,
			);
			path = Cells;
			sourceTree = "<group>";
		};
		A0F9EB942AC64974006BE569 /* Mock */ = {
			isa = PBXGroup;
			children = (
				A08BE9E92ACB70D400C12EF4 /* DecodableData.swift */,
				A08BE9EA2ACB70D400C12EF4 /* TiposDeViagens.swift */,
				A08BE9EB2ACB70D400C12EF4 /* Viagem.swift */,
				A0F9EB952AC64A21006BE569 /* server-response.json */,
			);
			path = Mock;
			sourceTree = "<group>";
		};
		A0F9EB9D2AC64A7C006BE569 /* Extensions */ = {
			isa = PBXGroup;
			children = (
				A0F9EB9E2AC64A8F006BE569 /* UIView+Extension.swift */,
			);
			path = Extensions;
			sourceTree = "<group>";
		};
		A0FE6AC22AC4E7B10075BE48 /* AppDelegate */ = {
			isa = PBXGroup;
			children = (
				A0B721312AC22A3B000E4D70 /* AppDelegate.swift */,
				A0B721332AC22A3B000E4D70 /* SceneDelegate.swift */,
			);
			path = AppDelegate;
			sourceTree = "<group>";
		};
		A0FE6AC32AC4E7D10075BE48 /* Model */ = {
			isa = PBXGroup;
			children = (
			);
			path = Model;
			sourceTree = "<group>";
		};
		A0FE6AC42AC4E7E40075BE48 /* View */ = {
			isa = PBXGroup;
			children = (
				A0F9EB8F2AC6416D006BE569 /* Cells */,
				A0FE6AC52AC4E8130075BE48 /* Header */,
				A0B721352AC22A3B000E4D70 /* ViewController.swift */,
				A0B721372AC22A3B000E4D70 /* Main.storyboard */,
			);
			path = View;
			sourceTree = "<group>";
		};
		A0FE6AC52AC4E8130075BE48 /* Header */ = {
			isa = PBXGroup;
			children = (
				A0B721452AC231B0000E4D70 /* HomeTableViewHeader.xib */,
				A0B721472AC23543000E4D70 /* HomeTableViewHeader.swift */,
			);
			path = Header;
			sourceTree = "<group>";
		};
		A0FE6AC62AC4E84F0075BE48 /* ViewModel */ = {
			isa = PBXGroup;
			children = (
				A0F9EBA02AC64B24006BE569 /* ViagemViewModel.swift */,
				A0F9EBA22AC64BF1006BE569 /* ViagemDestaqueViewModel.swift */,
				A08BE9E12ACB6E9A00C12EF4 /* ViagemOfertaViewModel.swift */,
			);
			path = ViewModel;
			sourceTree = "<group>";
		};
/* End PBXGroup section */

/* Begin PBXNativeTarget section */
		A0B7212D2AC22A3B000E4D70 /* AluraViagens */ = {
			isa = PBXNativeTarget;
			buildConfigurationList = A0B721422AC22A3C000E4D70 /* Build configuration list for PBXNativeTarget "AluraViagens" */;
			buildPhases = (
				A0B7212A2AC22A3B000E4D70 /* Sources */,
				A0B7212B2AC22A3B000E4D70 /* Frameworks */,
				A0B7212C2AC22A3B000E4D70 /* Resources */,
			);
			buildRules = (
			);
			dependencies = (
			);
			name = AluraViagens;
			productName = AluraViagens;
			productReference = A0B7212E2AC22A3B000E4D70 /* AluraViagens.app */;
			productType = "com.apple.product-type.application";
		};
/* End PBXNativeTarget section */

/* Begin PBXProject section */
		A0B721262AC22A3B000E4D70 /* Project object */ = {
			isa = PBXProject;
			attributes = {
				BuildIndependentTargetsInParallel = 1;
				LastSwiftUpdateCheck = 1430;
				LastUpgradeCheck = 1500;
				TargetAttributes = {
					A0B7212D2AC22A3B000E4D70 = {
						CreatedOnToolsVersion = 14.3.1;
					};
				};
			};
			buildConfigurationList = A0B721292AC22A3B000E4D70 /* Build configuration list for PBXProject "AluraViagens" */;
			compatibilityVersion = "Xcode 14.0";
			developmentRegion = en;
			hasScannedForEncodings = 0;
			knownRegions = (
				en,
				Base,
			);
			mainGroup = A0B721252AC22A3B000E4D70;
			productRefGroup = A0B7212F2AC22A3B000E4D70 /* Products */;
			projectDirPath = "";
			projectRoot = "";
			targets = (
				A0B7212D2AC22A3B000E4D70 /* AluraViagens */,
			);
		};
/* End PBXProject section */

/* Begin PBXResourcesBuildPhase section */
		A0B7212C2AC22A3B000E4D70 /* Resources */ = {
			isa = PBXResourcesBuildPhase;
			buildActionMask = 2147483647;
			files = (
				A0B7213E2AC22A3C000E4D70 /* LaunchScreen.storyboard in Resources */,
				A0F9EB962AC64A21006BE569 /* server-response.json in Resources */,
				A0B721462AC231B0000E4D70 /* HomeTableViewHeader.xib in Resources */,
				A0B7213B2AC22A3C000E4D70 /* Assets.xcassets in Resources */,
				A0B721392AC22A3B000E4D70 /* Main.storyboard in Resources */,
				A0F9EB932AC641B1006BE569 /* ViagemTableViewCell.xib in Resources */,
				A08BE9E02ACB6ACD00C12EF4 /* OfertaTableViewCell.xib in Resources */,
			);
			runOnlyForDeploymentPostprocessing = 0;
		};
/* End PBXResourcesBuildPhase section */

/* Begin PBXSourcesBuildPhase section */
		A0B7212A2AC22A3B000E4D70 /* Sources */ = {
			isa = PBXSourcesBuildPhase;
			buildActionMask = 2147483647;
			files = (
				A0B721362AC22A3B000E4D70 /* ViewController.swift in Sources */,
				A0F9EB922AC641B1006BE569 /* ViagemTableViewCell.swift in Sources */,
				A0F9EB9F2AC64A8F006BE569 /* UIView+Extension.swift in Sources */,
				A08BE9E22ACB6E9A00C12EF4 /* ViagemOfertaViewModel.swift in Sources */,
				A08BE9DF2ACB6ACD00C12EF4 /* OfertaTableViewCell.swift in Sources */,
				A08BE9EE2ACB70D400C12EF4 /* DecodableData.swift in Sources */,
				A0B721482AC23543000E4D70 /* HomeTableViewHeader.swift in Sources */,
				A0B721322AC22A3B000E4D70 /* AppDelegate.swift in Sources */,
				A0B721342AC22A3B000E4D70 /* SceneDelegate.swift in Sources */,
				A08BE9ED2ACB70D400C12EF4 /* TiposDeViagens.swift in Sources */,
				A0F9EBA12AC64B24006BE569 /* ViagemViewModel.swift in Sources */,
				A0F9EBA32AC64BF1006BE569 /* ViagemDestaqueViewModel.swift in Sources */,
				A08BE9EC2ACB70D400C12EF4 /* Viagem.swift in Sources */,
			);
			runOnlyForDeploymentPostprocessing = 0;
		};
/* End PBXSourcesBuildPhase section */

/* Begin PBXVariantGroup section */
		A0B721372AC22A3B000E4D70 /* Main.storyboard */ = {
			isa = PBXVariantGroup;
			children = (
				A0B721382AC22A3B000E4D70 /* Base */,
			);
			name = Main.storyboard;
			sourceTree = "<group>";
		};
		A0B7213C2AC22A3C000E4D70 /* LaunchScreen.storyboard */ = {
			isa = PBXVariantGroup;
			children = (
				A0B7213D2AC22A3C000E4D70 /* Base */,
			);
			name = LaunchScreen.storyboard;
			sourceTree = "<group>";
		};
/* End PBXVariantGroup section */

/* Begin XCBuildConfiguration section */
		A0B721402AC22A3C000E4D70 /* Debug */ = {
			isa = XCBuildConfiguration;
			buildSettings = {
				ALWAYS_SEARCH_USER_PATHS = NO;
				CLANG_ANALYZER_NONNULL = YES;
				CLANG_ANALYZER_NUMBER_OBJECT_CONVERSION = YES_AGGRESSIVE;
				CLANG_CXX_LANGUAGE_STANDARD = "gnu++20";
				CLANG_ENABLE_MODULES = YES;
				CLANG_ENABLE_OBJC_ARC = YES;
				CLANG_ENABLE_OBJC_WEAK = YES;
				CLANG_WARN_BLOCK_CAPTURE_AUTORELEASING = YES;
				CLANG_WARN_BOOL_CONVERSION = YES;
				CLANG_WARN_COMMA = YES;
				CLANG_WARN_CONSTANT_CONVERSION = YES;
				CLANG_WARN_DEPRECATED_OBJC_IMPLEMENTATIONS = YES;
				CLANG_WARN_DIRECT_OBJC_ISA_USAGE = YES_ERROR;
				CLANG_WARN_DOCUMENTATION_COMMENTS = YES;
				CLANG_WARN_EMPTY_BODY = YES;
				CLANG_WARN_ENUM_CONVERSION = YES;
				CLANG_WARN_INFINITE_RECURSION = YES;
				CLANG_WARN_INT_CONVERSION = YES;
				CLANG_WARN_NON_LITERAL_NULL_CONVERSION = YES;
				CLANG_WARN_OBJC_IMPLICIT_RETAIN_SELF = YES;
				CLANG_WARN_OBJC_LITERAL_CONVERSION = YES;
				CLANG_WARN_OBJC_ROOT_CLASS = YES_ERROR;
				CLANG_WARN_QUOTED_INCLUDE_IN_FRAMEWORK_HEADER = YES;
				CLANG_WARN_RANGE_LOOP_ANALYSIS = YES;
				CLANG_WARN_STRICT_PROTOTYPES = YES;
				CLANG_WARN_SUSPICIOUS_MOVE = YES;
				CLANG_WARN_UNGUARDED_AVAILABILITY = YES_AGGRESSIVE;
				CLANG_WARN_UNREACHABLE_CODE = YES;
				CLANG_WARN__DUPLICATE_METHOD_MATCH = YES;
				COPY_PHASE_STRIP = NO;
				DEBUG_INFORMATION_FORMAT = dwarf;
				ENABLE_STRICT_OBJC_MSGSEND = YES;
				ENABLE_TESTABILITY = YES;
				ENABLE_USER_SCRIPT_SANDBOXING = YES;
				GCC_C_LANGUAGE_STANDARD = gnu11;
				GCC_DYNAMIC_NO_PIC = NO;
				GCC_NO_COMMON_BLOCKS = YES;
				GCC_OPTIMIZATION_LEVEL = 0;
				GCC_PREPROCESSOR_DEFINITIONS = (
					"DEBUG=1",
					"$(inherited)",
				);
				GCC_WARN_64_TO_32_BIT_CONVERSION = YES;
				GCC_WARN_ABOUT_RETURN_TYPE = YES_ERROR;
				GCC_WARN_UNDECLARED_SELECTOR = YES;
				GCC_WARN_UNINITIALIZED_AUTOS = YES_AGGRESSIVE;
				GCC_WARN_UNUSED_FUNCTION = YES;
				GCC_WARN_UNUSED_VARIABLE = YES;
				IPHONEOS_DEPLOYMENT_TARGET = 16.4;
				MTL_ENABLE_DEBUG_INFO = INCLUDE_SOURCE;
				MTL_FAST_MATH = YES;
				ONLY_ACTIVE_ARCH = YES;
				SDKROOT = iphoneos;
				SWIFT_ACTIVE_COMPILATION_CONDITIONS = DEBUG;
				SWIFT_OPTIMIZATION_LEVEL = "-Onone";
			};
			name = Debug;
		};
		A0B721412AC22A3C000E4D70 /* Release */ = {
			isa = XCBuildConfiguration;
			buildSettings = {
				ALWAYS_SEARCH_USER_PATHS = NO;
				CLANG_ANALYZER_NONNULL = YES;
				CLANG_ANALYZER_NUMBER_OBJECT_CONVERSION = YES_AGGRESSIVE;
				CLANG_CXX_LANGUAGE_STANDARD = "gnu++20";
				CLANG_ENABLE_MODULES = YES;
				CLANG_ENABLE_OBJC_ARC = YES;
				CLANG_ENABLE_OBJC_WEAK = YES;
				CLANG_WARN_BLOCK_CAPTURE_AUTORELEASING = YES;
				CLANG_WARN_BOOL_CONVERSION = YES;
				CLANG_WARN_COMMA = YES;
				CLANG_WARN_CONSTANT_CONVERSION = YES;
				CLANG_WARN_DEPRECATED_OBJC_IMPLEMENTATIONS = YES;
				CLANG_WARN_DIRECT_OBJC_ISA_USAGE = YES_ERROR;
				CLANG_WARN_DOCUMENTATION_COMMENTS = YES;
				CLANG_WARN_EMPTY_BODY = YES;
				CLANG_WARN_ENUM_CONVERSION = YES;
				CLANG_WARN_INFINITE_RECURSION = YES;
				CLANG_WARN_INT_CONVERSION = YES;
				CLANG_WARN_NON_LITERAL_NULL_CONVERSION = YES;
				CLANG_WARN_OBJC_IMPLICIT_RETAIN_SELF = YES;
				CLANG_WARN_OBJC_LITERAL_CONVERSION = YES;
				CLANG_WARN_OBJC_ROOT_CLASS = YES_ERROR;
				CLANG_WARN_QUOTED_INCLUDE_IN_FRAMEWORK_HEADER = YES;
				CLANG_WARN_RANGE_LOOP_ANALYSIS = YES;
				CLANG_WARN_STRICT_PROTOTYPES = YES;
				CLANG_WARN_SUSPICIOUS_MOVE = YES;
				CLANG_WARN_UNGUARDED_AVAILABILITY = YES_AGGRESSIVE;
				CLANG_WARN_UNREACHABLE_CODE = YES;
				CLANG_WARN__DUPLICATE_METHOD_MATCH = YES;
				COPY_PHASE_STRIP = NO;
				DEBUG_INFORMATION_FORMAT = "dwarf-with-dsym";
				ENABLE_NS_ASSERTIONS = NO;
				ENABLE_STRICT_OBJC_MSGSEND = YES;
				ENABLE_USER_SCRIPT_SANDBOXING = YES;
				GCC_C_LANGUAGE_STANDARD = gnu11;
				GCC_NO_COMMON_BLOCKS = YES;
				GCC_WARN_64_TO_32_BIT_CONVERSION = YES;
				GCC_WARN_ABOUT_RETURN_TYPE = YES_ERROR;
				GCC_WARN_UNDECLARED_SELECTOR = YES;
				GCC_WARN_UNINITIALIZED_AUTOS = YES_AGGRESSIVE;
				GCC_WARN_UNUSED_FUNCTION = YES;
				GCC_WARN_UNUSED_VARIABLE = YES;
				IPHONEOS_DEPLOYMENT_TARGET = 16.4;
				MTL_ENABLE_DEBUG_INFO = NO;
				MTL_FAST_MATH = YES;
				SDKROOT = iphoneos;
				SWIFT_COMPILATION_MODE = wholemodule;
				SWIFT_OPTIMIZATION_LEVEL = "-O";
				VALIDATE_PRODUCT = YES;
			};
			name = Release;
		};
		A0B721432AC22A3C000E4D70 /* Debug */ = {
			isa = XCBuildConfiguration;
			buildSettings = {
				ASSETCATALOG_COMPILER_APPICON_NAME = AppIcon;
				ASSETCATALOG_COMPILER_GLOBAL_ACCENT_COLOR_NAME = AccentColor;
				CODE_SIGN_STYLE = Automatic;
				CURRENT_PROJECT_VERSION = 1;
				DEVELOPMENT_TEAM = CHA98HR32D;
				GENERATE_INFOPLIST_FILE = YES;
				INFOPLIST_FILE = AluraViagens/Info.plist;
				INFOPLIST_KEY_UIApplicationSupportsIndirectInputEvents = YES;
				INFOPLIST_KEY_UILaunchStoryboardName = LaunchScreen;
				INFOPLIST_KEY_UIMainStoryboardFile = Main;
				INFOPLIST_KEY_UISupportedInterfaceOrientations_iPad = "UIInterfaceOrientationPortrait UIInterfaceOrientationPortraitUpsideDown UIInterfaceOrientationLandscapeLeft UIInterfaceOrientationLandscapeRight";
				INFOPLIST_KEY_UISupportedInterfaceOrientations_iPhone = "UIInterfaceOrientationPortrait UIInterfaceOrientationLandscapeLeft UIInterfaceOrientationLandscapeRight";
				LD_RUNPATH_SEARCH_PATHS = (
					"$(inherited)",
					"@executable_path/Frameworks",
				);
				MARKETING_VERSION = 1.0;
				PRODUCT_BUNDLE_IDENTIFIER = Estudos.AluraViagens;
				PRODUCT_NAME = "$(TARGET_NAME)";
				SWIFT_EMIT_LOC_STRINGS = YES;
				SWIFT_VERSION = 5.0;
				TARGETED_DEVICE_FAMILY = "1,2";
			};
			name = Debug;
		};
		A0B721442AC22A3C000E4D70 /* Release */ = {
			isa = XCBuildConfiguration;
			buildSettings = {
				ASSETCATALOG_COMPILER_APPICON_NAME = AppIcon;
				ASSETCATALOG_COMPILER_GLOBAL_ACCENT_COLOR_NAME = AccentColor;
				CODE_SIGN_STYLE = Automatic;
				CURRENT_PROJECT_VERSION = 1;
				DEVELOPMENT_TEAM = CHA98HR32D;
				GENERATE_INFOPLIST_FILE = YES;
				INFOPLIST_FILE = AluraViagens/Info.plist;
				INFOPLIST_KEY_UIApplicationSupportsIndirectInputEvents = YES;
				INFOPLIST_KEY_UILaunchStoryboardName = LaunchScreen;
				INFOPLIST_KEY_UIMainStoryboardFile = Main;
				INFOPLIST_KEY_UISupportedInterfaceOrientations_iPad = "UIInterfaceOrientationPortrait UIInterfaceOrientationPortraitUpsideDown UIInterfaceOrientationLandscapeLeft UIInterfaceOrientationLandscapeRight";
				INFOPLIST_KEY_UISupportedInterfaceOrientations_iPhone = "UIInterfaceOrientationPortrait UIInterfaceOrientationLandscapeLeft UIInterfaceOrientationLandscapeRight";
				LD_RUNPATH_SEARCH_PATHS = (
					"$(inherited)",
					"@executable_path/Frameworks",
				);
				MARKETING_VERSION = 1.0;
				PRODUCT_BUNDLE_IDENTIFIER = Estudos.AluraViagens;
				PRODUCT_NAME = "$(TARGET_NAME)";
				SWIFT_EMIT_LOC_STRINGS = YES;
				SWIFT_VERSION = 5.0;
				TARGETED_DEVICE_FAMILY = "1,2";
			};
			name = Release;
		};
/* End XCBuildConfiguration section */

/* Begin XCConfigurationList section */
		A0B721292AC22A3B000E4D70 /* Build configuration list for PBXProject "AluraViagens" */ = {
			isa = XCConfigurationList;
			buildConfigurations = (
				A0B721402AC22A3C000E4D70 /* Debug */,
				A0B721412AC22A3C000E4D70 /* Release */,
			);
			defaultConfigurationIsVisible = 0;
			defaultConfigurationName = Release;
		};
		A0B721422AC22A3C000E4D70 /* Build configuration list for PBXNativeTarget "AluraViagens" */ = {
			isa = XCConfigurationList;
			buildConfigurations = (
				A0B721432AC22A3C000E4D70 /* Debug */,
				A0B721442AC22A3C000E4D70 /* Release */,
			);
			defaultConfigurationIsVisible = 0;
			defaultConfigurationName = Release;
		};
/* End XCConfigurationList section */
	};
	rootObject = A0B721262AC22A3B000E4D70 /* Project object */;
}
