// !$*UTF8*$!
{
	archiveVersion = 1;
	classes = {
	};
	objectVersion = 56;
	objects = {

/* Begin PBXBuildFile section */
		A021135F2AD9ED16002ED9DA /* Dados.swift in Sources */ = {isa = PBXBuildFile; fileRef = A021135C2AD9ED16002ED9DA /* Dados.swift */; };
		A02113602AD9ED16002ED9DA /* Viagem.swift in Sources */ = {isa = PBXBuildFile; fileRef = A021135D2AD9ED16002ED9DA /* Viagem.swift */; };
		A02113612AD9ED16002ED9DA /* viagens.json in Resources */ = {isa = PBXBuildFile; fileRef = A021135E2AD9ED16002ED9DA /* viagens.json */; };
		A02113642AD9F0BE002ED9DA /* HeaderView.swift in Sources */ = {isa = PBXBuildFile; fileRef = A02113632AD9F0BE002ED9DA /* HeaderView.swift */; };
		A02113662AD9F291002ED9DA /* CelulaViagemView.swift in Sources */ = {isa = PBXBuildFile; fileRef = A02113652AD9F291002ED9DA /* CelulaViagemView.swift */; };
		A028E8B72AD5EF700075B2CB /* alura_viagensApp.swift in Sources */ = {isa = PBXBuildFile; fileRef = A028E8B62AD5EF700075B2CB /* alura_viagensApp.swift */; };
		A028E8B92AD5EF700075B2CB /* ContentView.swift in Sources */ = {isa = PBXBuildFile; fileRef = A028E8B82AD5EF700075B2CB /* ContentView.swift */; };
		A028E8BB2AD5EF710075B2CB /* Assets.xcassets in Resources */ = {isa = PBXBuildFile; fileRef = A028E8BA2AD5EF710075B2CB /* Assets.xcassets */; };
		A028E8BE2AD5EF710075B2CB /* Preview Assets.xcassets in Resources */ = {isa = PBXBuildFile; fileRef = A028E8BD2AD5EF710075B2CB /* Preview Assets.xcassets */; };
		A08E688F2ADF21E9008B6EBF /* MapaView.swift in Sources */ = {isa = PBXBuildFile; fileRef = A08E688E2ADF21E9008B6EBF /* MapaView.swift */; };
/* End PBXBuildFile section */

/* Begin PBXFileReference section */
		A021135C2AD9ED16002ED9DA /* Dados.swift */ = {isa = PBXFileReference; fileEncoding = 4; lastKnownFileType = sourcecode.swift; path = Dados.swift; sourceTree = "<group>"; };
		A021135D2AD9ED16002ED9DA /* Viagem.swift */ = {isa = PBXFileReference; fileEncoding = 4; lastKnownFileType = sourcecode.swift; path = Viagem.swift; sourceTree = "<group>"; };
		A021135E2AD9ED16002ED9DA /* viagens.json */ = {isa = PBXFileReference; fileEncoding = 4; lastKnownFileType = text.json; path = viagens.json; sourceTree = "<group>"; };
		A02113632AD9F0BE002ED9DA /* HeaderView.swift */ = {isa = PBXFileReference; lastKnownFileType = sourcecode.swift; path = HeaderView.swift; sourceTree = "<group>"; };
		A02113652AD9F291002ED9DA /* CelulaViagemView.swift */ = {isa = PBXFileReference; lastKnownFileType = sourcecode.swift; path = CelulaViagemView.swift; sourceTree = "<group>"; };
		A028E8B32AD5EF700075B2CB /* alura-viagens.app */ = {isa = PBXFileReference; explicitFileType = wrapper.application; includeInIndex = 0; path = "alura-viagens.app"; sourceTree = BUILT_PRODUCTS_DIR; };
		A028E8B62AD5EF700075B2CB /* alura_viagensApp.swift */ = {isa = PBXFileReference; lastKnownFileType = sourcecode.swift; path = alura_viagensApp.swift; sourceTree = "<group>"; };
		A028E8B82AD5EF700075B2CB /* ContentView.swift */ = {isa = PBXFileReference; lastKnownFileType = sourcecode.swift; path = ContentView.swift; sourceTree = "<group>"; };
		A028E8BA2AD5EF710075B2CB /* Assets.xcassets */ = {isa = PBXFileReference; lastKnownFileType = folder.assetcatalog; path = Assets.xcassets; sourceTree = "<group>"; };
		A028E8BD2AD5EF710075B2CB /* Preview Assets.xcassets */ = {isa = PBXFileReference; lastKnownFileType = folder.assetcatalog; path = "Preview Assets.xcassets"; sourceTree = "<group>"; };
		A08E688E2ADF21E9008B6EBF /* MapaView.swift */ = {isa = PBXFileReference; lastKnownFileType = sourcecode.swift; path = MapaView.swift; sourceTree = "<group>"; };
/* End PBXFileReference section */

/* Begin PBXFrameworksBuildPhase section */
		A028E8B02AD5EF700075B2CB /* Frameworks */ = {
			isa = PBXFrameworksBuildPhase;
			buildActionMask = 2147483647;
			files = (
			);
			runOnlyForDeploymentPostprocessing = 0;
		};
/* End PBXFrameworksBuildPhase section */

/* Begin PBXGroup section */
		A021135B2AD9ED16002ED9DA /* Models */ = {
			isa = PBXGroup;
			children = (
				A021135C2AD9ED16002ED9DA /* Dados.swift */,
				A021135D2AD9ED16002ED9DA /* Viagem.swift */,
			);
			path = Models;
			sourceTree = "<group>";
		};
		A02113622AD9F082002ED9DA /* Views */ = {
			isa = PBXGroup;
			children = (
				A028E8B82AD5EF700075B2CB /* ContentView.swift */,
				A02113632AD9F0BE002ED9DA /* HeaderView.swift */,
				A02113652AD9F291002ED9DA /* CelulaViagemView.swift */,
				A08E688E2ADF21E9008B6EBF /* MapaView.swift */,
			);
			path = Views;
			sourceTree = "<group>";
		};
		A028E8AA2AD5EF700075B2CB = {
			isa = PBXGroup;
			children = (
				A028E8B52AD5EF700075B2CB /* alura-viagens */,
				A028E8B42AD5EF700075B2CB /* Products */,
			);
			sourceTree = "<group>";
		};
		A028E8B42AD5EF700075B2CB /* Products */ = {
			isa = PBXGroup;
			children = (
				A028E8B32AD5EF700075B2CB /* alura-viagens.app */,
			);
			name = Products;
			sourceTree = "<group>";
		};
		A028E8B52AD5EF700075B2CB /* alura-viagens */ = {
			isa = PBXGroup;
			children = (
				A021135B2AD9ED16002ED9DA /* Models */,
				A02113622AD9F082002ED9DA /* Views */,
				A021135E2AD9ED16002ED9DA /* viagens.json */,
				A028E8B62AD5EF700075B2CB /* alura_viagensApp.swift */,
				A028E8BA2AD5EF710075B2CB /* Assets.xcassets */,
				A028E8BC2AD5EF710075B2CB /* Preview Content */,
			);
			path = "alura-viagens";
			sourceTree = "<group>";
		};
		A028E8BC2AD5EF710075B2CB /* Preview Content */ = {
			isa = PBXGroup;
			children = (
				A028E8BD2AD5EF710075B2CB /* Preview Assets.xcassets */,
			);
			path = "Preview Content";
			sourceTree = "<group>";
		};
/* End PBXGroup section */

/* Begin PBXNativeTarget section */
		A028E8B22AD5EF700075B2CB /* alura-viagens */ = {
			isa = PBXNativeTarget;
			buildConfigurationList = A028E8C12AD5EF710075B2CB /* Build configuration list for PBXNativeTarget "alura-viagens" */;
			buildPhases = (
				A028E8AF2AD5EF700075B2CB /* Sources */,
				A028E8B02AD5EF700075B2CB /* Frameworks */,
				A028E8B12AD5EF700075B2CB /* Resources */,
			);
			buildRules = (
			);
			dependencies = (
			);
			name = "alura-viagens";
			productName = "alura-viagens";
			productReference = A028E8B32AD5EF700075B2CB /* alura-viagens.app */;
			productType = "com.apple.product-type.application";
		};
/* End PBXNativeTarget section */

/* Begin PBXProject section */
		A028E8AB2AD5EF700075B2CB /* Project object */ = {
			isa = PBXProject;
			attributes = {
				BuildIndependentTargetsInParallel = 1;
				LastSwiftUpdateCheck = 1500;
				LastUpgradeCheck = 1500;
				TargetAttributes = {
					A028E8B22AD5EF700075B2CB = {
						CreatedOnToolsVersion = 15.0;
					};
				};
			};
			buildConfigurationList = A028E8AE2AD5EF700075B2CB /* Build configuration list for PBXProject "alura-viagens" */;
			compatibilityVersion = "Xcode 14.0";
			developmentRegion = en;
			hasScannedForEncodings = 0;
			knownRegions = (
				en,
				Base,
			);
			mainGroup = A028E8AA2AD5EF700075B2CB;
			productRefGroup = A028E8B42AD5EF700075B2CB /* Products */;
			projectDirPath = "";
			projectRoot = "";
			targets = (
				A028E8B22AD5EF700075B2CB /* alura-viagens */,
			);
		};
/* End PBXProject section */

/* Begin PBXResourcesBuildPhase section */
		A028E8B12AD5EF700075B2CB /* Resources */ = {
			isa = PBXResourcesBuildPhase;
			buildActionMask = 2147483647;
			files = (
				A028E8BE2AD5EF710075B2CB /* Preview Assets.xcassets in Resources */,
				A028E8BB2AD5EF710075B2CB /* Assets.xcassets in Resources */,
				A02113612AD9ED16002ED9DA /* viagens.json in Resources */,
			);
			runOnlyForDeploymentPostprocessing = 0;
		};
/* End PBXResourcesBuildPhase section */

/* Begin PBXSourcesBuildPhase section */
		A028E8AF2AD5EF700075B2CB /* Sources */ = {
			isa = PBXSourcesBuildPhase;
			buildActionMask = 2147483647;
			files = (
				A02113642AD9F0BE002ED9DA /* HeaderView.swift in Sources */,
				A08E688F2ADF21E9008B6EBF /* MapaView.swift in Sources */,
				A02113602AD9ED16002ED9DA /* Viagem.swift in Sources */,
				A028E8B92AD5EF700075B2CB /* ContentView.swift in Sources */,
				A021135F2AD9ED16002ED9DA /* Dados.swift in Sources */,
				A028E8B72AD5EF700075B2CB /* alura_viagensApp.swift in Sources */,
				A02113662AD9F291002ED9DA /* CelulaViagemView.swift in Sources */,
			);
			runOnlyForDeploymentPostprocessing = 0;
		};
/* End PBXSourcesBuildPhase section */

/* Begin XCBuildConfiguration section */
		A028E8BF2AD5EF710075B2CB /* Debug */ = {
			isa = XCBuildConfiguration;
			buildSettings = {
				ALWAYS_SEARCH_USER_PATHS = NO;
				ASSETCATALOG_COMPILER_GENERATE_SWIFT_ASSET_SYMBOL_EXTENSIONS = YES;
				CLANG_ANALYZER_NONNULL = YES;
				CLANG_ANALYZER_NUMBER_OBJECT_CONVERSION = YES_AGGRESSIVE;
				CLANG_CXX_LANGUAGE_STANDARD = "gnu++20";
				CLANG_ENABLE_MODULES = YES;
				CLANG_ENABLE_OBJC_ARC = YES;
				CLANG_ENABLE_OBJC_WEAK = YES;
				CLANG_WARN_BLOCK_CAPTURE_AUTORELEASING = YES;
				CLANG_WARN_BOOL_CONVERSION = YES;
				CLANG_WARN_COMMA = YES;
				CLANG_WARN_CONSTANT_CONVERSION = YES;
				CLANG_WARN_DEPRECATED_OBJC_IMPLEMENTATIONS = YES;
				CLANG_WARN_DIRECT_OBJC_ISA_USAGE = YES_ERROR;
				CLANG_WARN_DOCUMENTATION_COMMENTS = YES;
				CLANG_WARN_EMPTY_BODY = YES;
				CLANG_WARN_ENUM_CONVERSION = YES;
				CLANG_WARN_INFINITE_RECURSION = YES;
				CLANG_WARN_INT_CONVERSION = YES;
				CLANG_WARN_NON_LITERAL_NULL_CONVERSION = YES;
				CLANG_WARN_OBJC_IMPLICIT_RETAIN_SELF = YES;
				CLANG_WARN_OBJC_LITERAL_CONVERSION = YES;
				CLANG_WARN_OBJC_ROOT_CLASS = YES_ERROR;
				CLANG_WARN_QUOTED_INCLUDE_IN_FRAMEWORK_HEADER = YES;
				CLANG_WARN_RANGE_LOOP_ANALYSIS = YES;
				CLANG_WARN_STRICT_PROTOTYPES = YES;
				CLANG_WARN_SUSPICIOUS_MOVE = YES;
				CLANG_WARN_UNGUARDED_AVAILABILITY = YES_AGGRESSIVE;
				CLANG_WARN_UNREACHABLE_CODE = YES;
				CLANG_WARN__DUPLICATE_METHOD_MATCH = YES;
				COPY_PHASE_STRIP = NO;
				DEBUG_INFORMATION_FORMAT = dwarf;
				ENABLE_STRICT_OBJC_MSGSEND = YES;
				ENABLE_TESTABILITY = YES;
				ENABLE_USER_SCRIPT_SANDBOXING = YES;
				GCC_C_LANGUAGE_STANDARD = gnu17;
				GCC_DYNAMIC_NO_PIC = NO;
				GCC_NO_COMMON_BLOCKS = YES;
				GCC_OPTIMIZATION_LEVEL = 0;
				GCC_PREPROCESSOR_DEFINITIONS = (
					"DEBUG=1",
					"$(inherited)",
				);
				GCC_WARN_64_TO_32_BIT_CONVERSION = YES;
				GCC_WARN_ABOUT_RETURN_TYPE = YES_ERROR;
				GCC_WARN_UNDECLARED_SELECTOR = YES;
				GCC_WARN_UNINITIALIZED_AUTOS = YES_AGGRESSIVE;
				GCC_WARN_UNUSED_FUNCTION = YES;
				GCC_WARN_UNUSED_VARIABLE = YES;
				IPHONEOS_DEPLOYMENT_TARGET = 17.0;
				LOCALIZATION_PREFERS_STRING_CATALOGS = YES;
				MTL_ENABLE_DEBUG_INFO = INCLUDE_SOURCE;
				MTL_FAST_MATH = YES;
				ONLY_ACTIVE_ARCH = YES;
				SDKROOT = iphoneos;
				SWIFT_ACTIVE_COMPILATION_CONDITIONS = "DEBUG $(inherited)";
				SWIFT_OPTIMIZATION_LEVEL = "-Onone";
			};
			name = Debug;
		};
		A028E8C02AD5EF710075B2CB /* Release */ = {
			isa = XCBuildConfiguration;
			buildSettings = {
				ALWAYS_SEARCH_USER_PATHS = NO;
				ASSETCATALOG_COMPILER_GENERATE_SWIFT_ASSET_SYMBOL_EXTENSIONS = YES;
				CLANG_ANALYZER_NONNULL = YES;
				CLANG_ANALYZER_NUMBER_OBJECT_CONVERSION = YES_AGGRESSIVE;
				CLANG_CXX_LANGUAGE_STANDARD = "gnu++20";
				CLANG_ENABLE_MODULES = YES;
				CLANG_ENABLE_OBJC_ARC = YES;
				CLANG_ENABLE_OBJC_WEAK = YES;
				CLANG_WARN_BLOCK_CAPTURE_AUTORELEASING = YES;
				CLANG_WARN_BOOL_CONVERSION = YES;
				CLANG_WARN_COMMA = YES;
				CLANG_WARN_CONSTANT_CONVERSION = YES;
				CLANG_WARN_DEPRECATED_OBJC_IMPLEMENTATIONS = YES;
				CLANG_WARN_DIRECT_OBJC_ISA_USAGE = YES_ERROR;
				CLANG_WARN_DOCUMENTATION_COMMENTS = YES;
				CLANG_WARN_EMPTY_BODY = YES;
				CLANG_WARN_ENUM_CONVERSION = YES;
				CLANG_WARN_INFINITE_RECURSION = YES;
				CLANG_WARN_INT_CONVERSION = YES;
				CLANG_WARN_NON_LITERAL_NULL_CONVERSION = YES;
				CLANG_WARN_OBJC_IMPLICIT_RETAIN_SELF = YES;
				CLANG_WARN_OBJC_LITERAL_CONVERSION = YES;
				CLANG_WARN_OBJC_ROOT_CLASS = YES_ERROR;
				CLANG_WARN_QUOTED_INCLUDE_IN_FRAMEWORK_HEADER = YES;
				CLANG_WARN_RANGE_LOOP_ANALYSIS = YES;
				CLANG_WARN_STRICT_PROTOTYPES = YES;
				CLANG_WARN_SUSPICIOUS_MOVE = YES;
				CLANG_WARN_UNGUARDED_AVAILABILITY = YES_AGGRESSIVE;
				CLANG_WARN_UNREACHABLE_CODE = YES;
				CLANG_WARN__DUPLICATE_METHOD_MATCH = YES;
				COPY_PHASE_STRIP = NO;
				DEBUG_INFORMATION_FORMAT = "dwarf-with-dsym";
				ENABLE_NS_ASSERTIONS = NO;
				ENABLE_STRICT_OBJC_MSGSEND = YES;
				ENABLE_USER_SCRIPT_SANDBOXING = YES;
				GCC_C_LANGUAGE_STANDARD = gnu17;
				GCC_NO_COMMON_BLOCKS = YES;
				GCC_WARN_64_TO_32_BIT_CONVERSION = YES;
				GCC_WARN_ABOUT_RETURN_TYPE = YES_ERROR;
				GCC_WARN_UNDECLARED_SELECTOR = YES;
				GCC_WARN_UNINITIALIZED_AUTOS = YES_AGGRESSIVE;
				GCC_WARN_UNUSED_FUNCTION = YES;
				GCC_WARN_UNUSED_VARIABLE = YES;
				IPHONEOS_DEPLOYMENT_TARGET = 17.0;
				LOCALIZATION_PREFERS_STRING_CATALOGS = YES;
				MTL_ENABLE_DEBUG_INFO = NO;
				MTL_FAST_MATH = YES;
				SDKROOT = iphoneos;
				SWIFT_COMPILATION_MODE = wholemodule;
				VALIDATE_PRODUCT = YES;
			};
			name = Release;
		};
		A028E8C22AD5EF710075B2CB /* Debug */ = {
			isa = XCBuildConfiguration;
			buildSettings = {
				ASSETCATALOG_COMPILER_APPICON_NAME = AppIcon;
				ASSETCATALOG_COMPILER_GLOBAL_ACCENT_COLOR_NAME = AccentColor;
				CODE_SIGN_STYLE = Automatic;
				CURRENT_PROJECT_VERSION = 1;
				DEVELOPMENT_ASSET_PATHS = "\"alura-viagens/Preview Content\"";
				DEVELOPMENT_TEAM = CHA98HR32D;
				ENABLE_PREVIEWS = YES;
				GENERATE_INFOPLIST_FILE = YES;
				INFOPLIST_KEY_UIApplicationSceneManifest_Generation = YES;
				INFOPLIST_KEY_UIApplicationSupportsIndirectInputEvents = YES;
				INFOPLIST_KEY_UILaunchScreen_Generation = YES;
				INFOPLIST_KEY_UISupportedInterfaceOrientations_iPad = "UIInterfaceOrientationPortrait UIInterfaceOrientationPortraitUpsideDown UIInterfaceOrientationLandscapeLeft UIInterfaceOrientationLandscapeRight";
				INFOPLIST_KEY_UISupportedInterfaceOrientations_iPhone = "UIInterfaceOrientationPortrait UIInterfaceOrientationLandscapeLeft UIInterfaceOrientationLandscapeRight";
				LD_RUNPATH_SEARCH_PATHS = (
					"$(inherited)",
					"@executable_path/Frameworks",
				);
				MARKETING_VERSION = 1.0;
				PRODUCT_BUNDLE_IDENTIFIER = "Estudos.alura-viagens";
				PRODUCT_NAME = "$(TARGET_NAME)";
				SWIFT_EMIT_LOC_STRINGS = YES;
				SWIFT_VERSION = 5.0;
				TARGETED_DEVICE_FAMILY = "1,2";
			};
			name = Debug;
		};
		A028E8C32AD5EF710075B2CB /* Release */ = {
			isa = XCBuildConfiguration;
			buildSettings = {
				ASSETCATALOG_COMPILER_APPICON_NAME = AppIcon;
				ASSETCATALOG_COMPILER_GLOBAL_ACCENT_COLOR_NAME = AccentColor;
				CODE_SIGN_STYLE = Automatic;
				CURRENT_PROJECT_VERSION = 1;
				DEVELOPMENT_ASSET_PATHS = "\"alura-viagens/Preview Content\"";
				DEVELOPMENT_TEAM = CHA98HR32D;
				ENABLE_PREVIEWS = YES;
				GENERATE_INFOPLIST_FILE = YES;
				INFOPLIST_KEY_UIApplicationSceneManifest_Generation = YES;
				INFOPLIST_KEY_UIApplicationSupportsIndirectInputEvents = YES;
				INFOPLIST_KEY_UILaunchScreen_Generation = YES;
				INFOPLIST_KEY_UISupportedInterfaceOrientations_iPad = "UIInterfaceOrientationPortrait UIInterfaceOrientationPortraitUpsideDown UIInterfaceOrientationLandscapeLeft UIInterfaceOrientationLandscapeRight";
				INFOPLIST_KEY_UISupportedInterfaceOrientations_iPhone = "UIInterfaceOrientationPortrait UIInterfaceOrientationLandscapeLeft UIInterfaceOrientationLandscapeRight";
				LD_RUNPATH_SEARCH_PATHS = (
					"$(inherited)",
					"@executable_path/Frameworks",
				);
				MARKETING_VERSION = 1.0;
				PRODUCT_BUNDLE_IDENTIFIER = "Estudos.alura-viagens";
				PRODUCT_NAME = "$(TARGET_NAME)";
				SWIFT_EMIT_LOC_STRINGS = YES;
				SWIFT_VERSION = 5.0;
				TARGETED_DEVICE_FAMILY = "1,2";
			};
			name = Release;
		};
/* End XCBuildConfiguration section */

/* Begin XCConfigurationList section */
		A028E8AE2AD5EF700075B2CB /* Build configuration list for PBXProject "alura-viagens" */ = {
			isa = XCConfigurationList;
			buildConfigurations = (
				A028E8BF2AD5EF710075B2CB /* Debug */,
				A028E8C02AD5EF710075B2CB /* Release */,
			);
			defaultConfigurationIsVisible = 0;
			defaultConfigurationName = Release;
		};
		A028E8C12AD5EF710075B2CB /* Build configuration list for PBXNativeTarget "alura-viagens" */ = {
			isa = XCConfigurationList;
			buildConfigurations = (
				A028E8C22AD5EF710075B2CB /* Debug */,
				A028E8C32AD5EF710075B2CB /* Release */,
			);
			defaultConfigurationIsVisible = 0;
			defaultConfigurationName = Release;
		};
/* End XCConfigurationList section */
	};
	rootObject = A028E8AB2AD5EF700075B2CB /* Project object */;
}
